// !$*UTF8*$!
{
	archiveVersion = 1;
	classes = {
	};
	objectVersion = 50;
	objects = {

/* Begin PBXBuildFile section */
		4010734D24BAD971002AFDD2 /* AddPdfFileGenView.swift in Sources */ = {isa = PBXBuildFile; fileRef = 4010734C24BAD971002AFDD2 /* AddPdfFileGenView.swift */; };
		4012033224BDD1F900167917 /* PinchToZoom.swift in Sources */ = {isa = PBXBuildFile; fileRef = 4012033124BDD1F900167917 /* PinchToZoom.swift */; };
		4012033424BDD9DF00167917 /* ODVThumbnailView.swift in Sources */ = {isa = PBXBuildFile; fileRef = 4012033324BDD9DF00167917 /* ODVThumbnailView.swift */; };
		4012033624BDE04100167917 /* PDFDrawer.swift in Sources */ = {isa = PBXBuildFile; fileRef = 4012033524BDE04100167917 /* PDFDrawer.swift */; };
		4012033824BDE06B00167917 /* DrawingGestureRecogniser.swift in Sources */ = {isa = PBXBuildFile; fileRef = 4012033724BDE06B00167917 /* DrawingGestureRecogniser.swift */; };
		4012033A24BDE09C00167917 /* DrawingAnnotation.swift in Sources */ = {isa = PBXBuildFile; fileRef = 4012033924BDE09C00167917 /* DrawingAnnotation.swift */; };
		4012033C24BDE0D700167917 /* NonSelectableView.swift in Sources */ = {isa = PBXBuildFile; fileRef = 4012033B24BDE0D700167917 /* NonSelectableView.swift */; };
		402333EE24DA9248007FE8C6 /* ImagePickerView.swift in Sources */ = {isa = PBXBuildFile; fileRef = 402333ED24DA9247007FE8C6 /* ImagePickerView.swift */; };
		40284BFD24D83745004EE44E /* EditPdfMainView.swift in Sources */ = {isa = PBXBuildFile; fileRef = 40284BFC24D83745004EE44E /* EditPdfMainView.swift */; };
		402C0B6824B0A29500A5A6C9 /* ListCustomGridView.swift in Sources */ = {isa = PBXBuildFile; fileRef = 402C0B6724B0A29400A5A6C9 /* ListCustomGridView.swift */; };
		402C0B6A24B0A37A00A5A6C9 /* Helper+enums.swift in Sources */ = {isa = PBXBuildFile; fileRef = 402C0B6924B0A37A00A5A6C9 /* Helper+enums.swift */; };
		402C0B6C24B0ACD600A5A6C9 /* NormalListRowView.swift in Sources */ = {isa = PBXBuildFile; fileRef = 402C0B6B24B0ACD600A5A6C9 /* NormalListRowView.swift */; };
		402C0B6E24B0B0E800A5A6C9 /* DetailedDirecView.swift in Sources */ = {isa = PBXBuildFile; fileRef = 402C0B6D24B0B0E800A5A6C9 /* DetailedDirecView.swift */; };
		402C0B7024B0B0F200A5A6C9 /* DetailPdfView.swift in Sources */ = {isa = PBXBuildFile; fileRef = 402C0B6F24B0B0F200A5A6C9 /* DetailPdfView.swift */; };
		402C0B7224B0B0FF00A5A6C9 /* ScanPdfView.swift in Sources */ = {isa = PBXBuildFile; fileRef = 402C0B7124B0B0FF00A5A6C9 /* ScanPdfView.swift */; };
		402C0B9924B0C0A200A5A6C9 /* AddDirecView.swift in Sources */ = {isa = PBXBuildFile; fileRef = 402C0B9824B0C0A200A5A6C9 /* AddDirecView.swift */; };
		40485D8A24B98C9F008A137A /* TextView.swift in Sources */ = {isa = PBXBuildFile; fileRef = 40485D8924B98C9F008A137A /* TextView.swift */; };
		40485D8C24B995E7008A137A /* BlurView.swift in Sources */ = {isa = PBXBuildFile; fileRef = 40485D8B24B995E7008A137A /* BlurView.swift */; };
		404D7F9A24B6ED3B002F53F0 /* SettingsView.swift in Sources */ = {isa = PBXBuildFile; fileRef = 404D7F9924B6ED3B002F53F0 /* SettingsView.swift */; };
		405EE7A624B339B4005F525F /* RecognizedText.swift in Sources */ = {isa = PBXBuildFile; fileRef = 405EE7A524B339B4005F525F /* RecognizedText.swift */; };
		405EE7A824B339DD005F525F /* ScannerView.swift in Sources */ = {isa = PBXBuildFile; fileRef = 405EE7A724B339DD005F525F /* ScannerView.swift */; };
		405EE7AA24B33AB1005F525F /* TextRecognizer.swift in Sources */ = {isa = PBXBuildFile; fileRef = 405EE7A924B33AB1005F525F /* TextRecognizer.swift */; };
		405EFDBE24BC76EB0070BE5F /* IAPService.swift in Sources */ = {isa = PBXBuildFile; fileRef = 405EFDBD24BC76EB0070BE5F /* IAPService.swift */; };
		405EFDC024BC886A0070BE5F /* SettingsRow.swift in Sources */ = {isa = PBXBuildFile; fileRef = 405EFDBF24BC886A0070BE5F /* SettingsRow.swift */; };
		405EFDC224BC88B50070BE5F /* UIToggleView.swift in Sources */ = {isa = PBXBuildFile; fileRef = 405EFDC124BC88B50070BE5F /* UIToggleView.swift */; };
		405EFDC424BC8C180070BE5F /* SubHeadlineView.swift in Sources */ = {isa = PBXBuildFile; fileRef = 405EFDC324BC8C180070BE5F /* SubHeadlineView.swift */; };
		405EFDC624BC9ED90070BE5F /* AppVersionRow.swift in Sources */ = {isa = PBXBuildFile; fileRef = 405EFDC524BC9ED90070BE5F /* AppVersionRow.swift */; };
		405EFDC824BCA11A0070BE5F /* AppIconView.swift in Sources */ = {isa = PBXBuildFile; fileRef = 405EFDC724BCA11A0070BE5F /* AppIconView.swift */; };
		405EFDCA24BCA12A0070BE5F /* SubcriptionPageView.swift in Sources */ = {isa = PBXBuildFile; fileRef = 405EFDC924BCA12A0070BE5F /* SubcriptionPageView.swift */; };
		405EFDCC24BCB3E30070BE5F /* MailView.swift in Sources */ = {isa = PBXBuildFile; fileRef = 405EFDCB24BCB3E30070BE5F /* MailView.swift */; };
		4069EF9F24D69AAF003083C6 /* ViewControllerResolver.swift in Sources */ = {isa = PBXBuildFile; fileRef = 4069EF9E24D69AAF003083C6 /* ViewControllerResolver.swift */; };
		4069EFA124D69D4C003083C6 /* CustomSearchBar.swift in Sources */ = {isa = PBXBuildFile; fileRef = 4069EFA024D69D4C003083C6 /* CustomSearchBar.swift */; };
		406CAA4D24BECC2E00933F5D /* PDFToolBarView.swift in Sources */ = {isa = PBXBuildFile; fileRef = 406CAA4C24BECC2D00933F5D /* PDFToolBarView.swift */; };
		406E9AF424B5E773000FB8FD /* SnapCarouselView.swift in Sources */ = {isa = PBXBuildFile; fileRef = 406E9AF324B5E773000FB8FD /* SnapCarouselView.swift */; };
		406E9AF624B5E798000FB8FD /* CarouselCardModel.swift in Sources */ = {isa = PBXBuildFile; fileRef = 406E9AF524B5E798000FB8FD /* CarouselCardModel.swift */; };
		406E9AF924B5E80F000FB8FD /* UIStateModel.swift in Sources */ = {isa = PBXBuildFile; fileRef = 406E9AF824B5E80F000FB8FD /* UIStateModel.swift */; };
		406E9AFB24B617EE000FB8FD /* CustomHeaderView.swift in Sources */ = {isa = PBXBuildFile; fileRef = 406E9AFA24B617EE000FB8FD /* CustomHeaderView.swift */; };
		407567F424B1FC4A0071B575 /* GeneralDocViewModel.swift in Sources */ = {isa = PBXBuildFile; fileRef = 407567F324B1FC4A0071B575 /* GeneralDocViewModel.swift */; };
		407567F624B1FC620071B575 /* GeneralDocListViewModel.swift in Sources */ = {isa = PBXBuildFile; fileRef = 407567F524B1FC620071B575 /* GeneralDocListViewModel.swift */; };
		407567FA24B20CF00071B575 /* AddDocGeneView.swift in Sources */ = {isa = PBXBuildFile; fileRef = 407567F924B20CF00071B575 /* AddDocGeneView.swift */; };
		407C6A2F24C6D90D00FA0AAA /* GenListRowView.swift in Sources */ = {isa = PBXBuildFile; fileRef = 407C6A2E24C6D90D00FA0AAA /* GenListRowView.swift */; };
		40920EB024B744BE00E2293C /* DrawOnImageView.swift in Sources */ = {isa = PBXBuildFile; fileRef = 40920EAF24B744BE00E2293C /* DrawOnImageView.swift */; };
		40920EB224B74E7800E2293C /* SlideOverCardView.swift in Sources */ = {isa = PBXBuildFile; fileRef = 40920EB124B74E7800E2293C /* SlideOverCardView.swift */; };
		409244BE24B19D640013BF8F /* Helper+Extensions.swift in Sources */ = {isa = PBXBuildFile; fileRef = 409244BD24B19D640013BF8F /* Helper+Extensions.swift */; };
		409B927F24E43E6300F30EFF /* ActivityIndicatorView.swift in Sources */ = {isa = PBXBuildFile; fileRef = 409B927E24E43E6300F30EFF /* ActivityIndicatorView.swift */; };
		409B928124E43EDF00F30EFF /* LoadingView.swift in Sources */ = {isa = PBXBuildFile; fileRef = 409B928024E43EDF00F30EFF /* LoadingView.swift */; };
		40C408E624B9F2EF00876FAF /* PDFView.swift in Sources */ = {isa = PBXBuildFile; fileRef = 40C408E524B9F2EF00876FAF /* PDFView.swift */; };
		40C5140324AE0D2900126ABA /* DWFMAppSettings.swift in Sources */ = {isa = PBXBuildFile; fileRef = 40C5140224AE0D2900126ABA /* DWFMAppSettings.swift */; };
		40C5140524AE14C000126ABA /* SearchBarView.swift in Sources */ = {isa = PBXBuildFile; fileRef = 40C5140424AE14C000126ABA /* SearchBarView.swift */; };
		40CAFAE124BB480600C1E28A /* ShareSheetView.swift in Sources */ = {isa = PBXBuildFile; fileRef = 40CAFAE024BB480600C1E28A /* ShareSheetView.swift */; };
		40CDC49F24AF691900462277 /* Helper+Variables.swift in Sources */ = {isa = PBXBuildFile; fileRef = 40CDC49E24AF691900462277 /* Helper+Variables.swift */; };
		40CDC4C724AF72CD00462277 /* ItemModel+CoreDataClass.swift in Sources */ = {isa = PBXBuildFile; fileRef = 40CDC4C124AF72CD00462277 /* ItemModel+CoreDataClass.swift */; };
		40CDC4C824AF72CD00462277 /* ItemModel+CoreDataProperties.swift in Sources */ = {isa = PBXBuildFile; fileRef = 40CDC4C224AF72CD00462277 /* ItemModel+CoreDataProperties.swift */; };
		40CDC4C924AF72CD00462277 /* PdfFilemodel+CoreDataClass.swift in Sources */ = {isa = PBXBuildFile; fileRef = 40CDC4C324AF72CD00462277 /* PdfFilemodel+CoreDataClass.swift */; };
		40CDC4CA24AF72CD00462277 /* PdfFilemodel+CoreDataProperties.swift in Sources */ = {isa = PBXBuildFile; fileRef = 40CDC4C424AF72CD00462277 /* PdfFilemodel+CoreDataProperties.swift */; };
		40CDC4CB24AF72CD00462277 /* DirecModel+CoreDataClass.swift in Sources */ = {isa = PBXBuildFile; fileRef = 40CDC4C524AF72CD00462277 /* DirecModel+CoreDataClass.swift */; };
		40CDC4CC24AF72CD00462277 /* DirecModel+CoreDataProperties.swift in Sources */ = {isa = PBXBuildFile; fileRef = 40CDC4C624AF72CD00462277 /* DirecModel+CoreDataProperties.swift */; };
		40CDC4CE24AF80DF00462277 /* MainDocListViewModel.swift in Sources */ = {isa = PBXBuildFile; fileRef = 40CDC4CD24AF80DF00462277 /* MainDocListViewModel.swift */; };
		40CDC4D224AF91F800462277 /* CloudKit.framework in Frameworks */ = {isa = PBXBuildFile; fileRef = 40CDC4D124AF91F800462277 /* CloudKit.framework */; };
		40CF63E224CD565F0089D3D3 /* Reachability.swift in Sources */ = {isa = PBXBuildFile; fileRef = 40CF63E124CD565F0089D3D3 /* Reachability.swift */; };
		40CFB04D24D9794100955957 /* DocumentPickerView.swift in Sources */ = {isa = PBXBuildFile; fileRef = 40CFB04C24D9794100955957 /* DocumentPickerView.swift */; };
		40CFB05124D9B1E500955957 /* ErrorView.swift in Sources */ = {isa = PBXBuildFile; fileRef = 40CFB05024D9B1E500955957 /* ErrorView.swift */; };
		40D170AC24ADA93000F51F77 /* MainDocViewModel.swift in Sources */ = {isa = PBXBuildFile; fileRef = 40D170AB24ADA93000F51F77 /* MainDocViewModel.swift */; };
		40D170AF24ADA95700F51F77 /* CustomNavBarView.swift in Sources */ = {isa = PBXBuildFile; fileRef = 40D170AE24ADA95700F51F77 /* CustomNavBarView.swift */; };
		40D170B224ADA9DE00F51F77 /* DocWindFManager.swift in Sources */ = {isa = PBXBuildFile; fileRef = 40D170B124ADA9DE00F51F77 /* DocWindFManager.swift */; };
		40D1B12124DC4E7D00859F1A /* SecondaryButtonView.swift in Sources */ = {isa = PBXBuildFile; fileRef = 40D1B12024DC4E7D00859F1A /* SecondaryButtonView.swift */; };
		40DD4F7324C02CDC00D37EFA /* SignaturePageView.swift in Sources */ = {isa = PBXBuildFile; fileRef = 40DD4F7224C02CDC00D37EFA /* SignaturePageView.swift */; };
		40DD4F7524C02F3700D37EFA /* ImageAnnotation.swift in Sources */ = {isa = PBXBuildFile; fileRef = 40DD4F7424C02F3700D37EFA /* ImageAnnotation.swift */; };
		40DD4F7724C087AE00D37EFA /* ImagePanGestureRecognizer.swift in Sources */ = {isa = PBXBuildFile; fileRef = 40DD4F7624C087AE00D37EFA /* ImagePanGestureRecognizer.swift */; };
		40DF994824B2E452001CEC67 /* DWDateFormatter.swift in Sources */ = {isa = PBXBuildFile; fileRef = 40DF994724B2E452001CEC67 /* DWDateFormatter.swift */; };
		40DF994A24B2F5A2001CEC67 /* AddPdfMainView.swift in Sources */ = {isa = PBXBuildFile; fileRef = 40DF994924B2F5A2001CEC67 /* AddPdfMainView.swift */; };
		40E387D524E65049001E23D2 /* SearchNavigation.swift in Sources */ = {isa = PBXBuildFile; fileRef = 40E387D424E65049001E23D2 /* SearchNavigation.swift */; };
		40EF391C24BF5E82007BBAC0 /* ToastView.swift in Sources */ = {isa = PBXBuildFile; fileRef = 40EF391B24BF5E82007BBAC0 /* ToastView.swift */; };
		40EF462C24B4ADF700D07A06 /* ConfPdfView.swift in Sources */ = {isa = PBXBuildFile; fileRef = 40EF462B24B4ADF700D07A06 /* ConfPdfView.swift */; };
		40FB481724B8AE900045CF13 /* OCRTextView.swift in Sources */ = {isa = PBXBuildFile; fileRef = 40FB481624B8AE900045CF13 /* OCRTextView.swift */; };
		40FB481924B8B0600045CF13 /* NewStarterView.swift in Sources */ = {isa = PBXBuildFile; fileRef = 40FB481824B8B0600045CF13 /* NewStarterView.swift */; };
		40FDE47C24AB964B006AAFD2 /* AppDelegate.swift in Sources */ = {isa = PBXBuildFile; fileRef = 40FDE47B24AB964B006AAFD2 /* AppDelegate.swift */; };
		40FDE47E24AB964B006AAFD2 /* SceneDelegate.swift in Sources */ = {isa = PBXBuildFile; fileRef = 40FDE47D24AB964B006AAFD2 /* SceneDelegate.swift */; };
		40FDE48124AB964B006AAFD2 /* docWind.xcdatamodeld in Sources */ = {isa = PBXBuildFile; fileRef = 40FDE47F24AB964B006AAFD2 /* docWind.xcdatamodeld */; };
		40FDE48324AB964B006AAFD2 /* ContentView.swift in Sources */ = {isa = PBXBuildFile; fileRef = 40FDE48224AB964B006AAFD2 /* ContentView.swift */; };
		40FDE48524AB964C006AAFD2 /* Assets.xcassets in Resources */ = {isa = PBXBuildFile; fileRef = 40FDE48424AB964C006AAFD2 /* Assets.xcassets */; };
		40FDE48824AB964C006AAFD2 /* Preview Assets.xcassets in Resources */ = {isa = PBXBuildFile; fileRef = 40FDE48724AB964C006AAFD2 /* Preview Assets.xcassets */; };
		40FDE48B24AB964C006AAFD2 /* LaunchScreen.storyboard in Resources */ = {isa = PBXBuildFile; fileRef = 40FDE48924AB964C006AAFD2 /* LaunchScreen.storyboard */; };
		40FDE49524AC4C3D006AAFD2 /* IntroView.swift in Sources */ = {isa = PBXBuildFile; fileRef = 40FDE49424AC4C3D006AAFD2 /* IntroView.swift */; };
		40FDE49724AC4C6C006AAFD2 /* SettingsManagable.swift in Sources */ = {isa = PBXBuildFile; fileRef = 40FDE49624AC4C6C006AAFD2 /* SettingsManagable.swift */; };
		40FDE49A24AC4C95006AAFD2 /* AppSettings.swift in Sources */ = {isa = PBXBuildFile; fileRef = 40FDE49924AC4C95006AAFD2 /* AppSettings.swift */; };
		40FDE49C24AC4EC9006AAFD2 /* Helper+Struct.swift in Sources */ = {isa = PBXBuildFile; fileRef = 40FDE49B24AC4EC9006AAFD2 /* Helper+Struct.swift */; };
		40FE66A724CB126D00B6A064 /* HeaderView.swift in Sources */ = {isa = PBXBuildFile; fileRef = 40FE66A624CB126D00B6A064 /* HeaderView.swift */; };
		40FE66E424CB21A800B6A064 /* blackBlue.png in Resources */ = {isa = PBXBuildFile; fileRef = 40FE66D824CB21A500B6A064 /* blackBlue.png */; };
		40FE66E524CB21A800B6A064 /* blackYellow@3x.png in Resources */ = {isa = PBXBuildFile; fileRef = 40FE66D924CB21A500B6A064 /* blackYellow@3x.png */; };
		40FE66E624CB21A800B6A064 /* blackGreen.png in Resources */ = {isa = PBXBuildFile; fileRef = 40FE66DA24CB21A600B6A064 /* blackGreen.png */; };
		40FE66E724CB21A800B6A064 /* blackBlue@2x.png in Resources */ = {isa = PBXBuildFile; fileRef = 40FE66DB24CB21A600B6A064 /* blackBlue@2x.png */; };
		40FE66E824CB21A800B6A064 /* blackRed@2x.png in Resources */ = {isa = PBXBuildFile; fileRef = 40FE66DC24CB21A600B6A064 /* blackRed@2x.png */; };
		40FE66E924CB21A800B6A064 /* blackGreen@3x.png in Resources */ = {isa = PBXBuildFile; fileRef = 40FE66DD24CB21A600B6A064 /* blackGreen@3x.png */; };
		40FE66EA24CB21A800B6A064 /* blackBlue@3x.png in Resources */ = {isa = PBXBuildFile; fileRef = 40FE66DE24CB21A600B6A064 /* blackBlue@3x.png */; };
		40FE66EB24CB21A800B6A064 /* blackRed.png in Resources */ = {isa = PBXBuildFile; fileRef = 40FE66DF24CB21A700B6A064 /* blackRed.png */; };
		40FE66EC24CB21A800B6A064 /* blackYellow.png in Resources */ = {isa = PBXBuildFile; fileRef = 40FE66E024CB21A700B6A064 /* blackYellow.png */; };
		40FE66ED24CB21A800B6A064 /* blackGreen@2x.png in Resources */ = {isa = PBXBuildFile; fileRef = 40FE66E124CB21A700B6A064 /* blackGreen@2x.png */; };
		40FE66EE24CB21A800B6A064 /* blackYellow@2x.png in Resources */ = {isa = PBXBuildFile; fileRef = 40FE66E224CB21A700B6A064 /* blackYellow@2x.png */; };
		40FE66EF24CB21A800B6A064 /* blackRed@3x.png in Resources */ = {isa = PBXBuildFile; fileRef = 40FE66E324CB21A800B6A064 /* blackRed@3x.png */; };
/* End PBXBuildFile section */

/* Begin PBXFileReference section */
		4010734C24BAD971002AFDD2 /* AddPdfFileGenView.swift */ = {isa = PBXFileReference; lastKnownFileType = sourcecode.swift; path = AddPdfFileGenView.swift; sourceTree = "<group>"; };
		4012033124BDD1F900167917 /* PinchToZoom.swift */ = {isa = PBXFileReference; lastKnownFileType = sourcecode.swift; path = PinchToZoom.swift; sourceTree = "<group>"; };
		4012033324BDD9DF00167917 /* ODVThumbnailView.swift */ = {isa = PBXFileReference; lastKnownFileType = sourcecode.swift; path = ODVThumbnailView.swift; sourceTree = "<group>"; };
		4012033524BDE04100167917 /* PDFDrawer.swift */ = {isa = PBXFileReference; lastKnownFileType = sourcecode.swift; path = PDFDrawer.swift; sourceTree = "<group>"; };
		4012033724BDE06B00167917 /* DrawingGestureRecogniser.swift */ = {isa = PBXFileReference; lastKnownFileType = sourcecode.swift; path = DrawingGestureRecogniser.swift; sourceTree = "<group>"; };
		4012033924BDE09C00167917 /* DrawingAnnotation.swift */ = {isa = PBXFileReference; lastKnownFileType = sourcecode.swift; path = DrawingAnnotation.swift; sourceTree = "<group>"; };
		4012033B24BDE0D700167917 /* NonSelectableView.swift */ = {isa = PBXFileReference; lastKnownFileType = sourcecode.swift; path = NonSelectableView.swift; sourceTree = "<group>"; };
		402333ED24DA9247007FE8C6 /* ImagePickerView.swift */ = {isa = PBXFileReference; lastKnownFileType = sourcecode.swift; path = ImagePickerView.swift; sourceTree = "<group>"; };
		40284BFC24D83745004EE44E /* EditPdfMainView.swift */ = {isa = PBXFileReference; lastKnownFileType = sourcecode.swift; path = EditPdfMainView.swift; sourceTree = "<group>"; };
		402C0B6724B0A29400A5A6C9 /* ListCustomGridView.swift */ = {isa = PBXFileReference; lastKnownFileType = sourcecode.swift; path = ListCustomGridView.swift; sourceTree = "<group>"; };
		402C0B6924B0A37A00A5A6C9 /* Helper+enums.swift */ = {isa = PBXFileReference; lastKnownFileType = sourcecode.swift; path = "Helper+enums.swift"; sourceTree = "<group>"; };
		402C0B6B24B0ACD600A5A6C9 /* NormalListRowView.swift */ = {isa = PBXFileReference; lastKnownFileType = sourcecode.swift; path = NormalListRowView.swift; sourceTree = "<group>"; };
		402C0B6D24B0B0E800A5A6C9 /* DetailedDirecView.swift */ = {isa = PBXFileReference; lastKnownFileType = sourcecode.swift; path = DetailedDirecView.swift; sourceTree = "<group>"; };
		402C0B6F24B0B0F200A5A6C9 /* DetailPdfView.swift */ = {isa = PBXFileReference; lastKnownFileType = sourcecode.swift; path = DetailPdfView.swift; sourceTree = "<group>"; };
		402C0B7124B0B0FF00A5A6C9 /* ScanPdfView.swift */ = {isa = PBXFileReference; lastKnownFileType = sourcecode.swift; path = ScanPdfView.swift; sourceTree = "<group>"; };
		402C0B9824B0C0A200A5A6C9 /* AddDirecView.swift */ = {isa = PBXFileReference; lastKnownFileType = sourcecode.swift; path = AddDirecView.swift; sourceTree = "<group>"; };
		40485D8924B98C9F008A137A /* TextView.swift */ = {isa = PBXFileReference; lastKnownFileType = sourcecode.swift; path = TextView.swift; sourceTree = "<group>"; };
		40485D8B24B995E7008A137A /* BlurView.swift */ = {isa = PBXFileReference; lastKnownFileType = sourcecode.swift; path = BlurView.swift; sourceTree = "<group>"; };
		404D7F9924B6ED3B002F53F0 /* SettingsView.swift */ = {isa = PBXFileReference; lastKnownFileType = sourcecode.swift; path = SettingsView.swift; sourceTree = "<group>"; };
		405EE7A524B339B4005F525F /* RecognizedText.swift */ = {isa = PBXFileReference; lastKnownFileType = sourcecode.swift; path = RecognizedText.swift; sourceTree = "<group>"; };
		405EE7A724B339DD005F525F /* ScannerView.swift */ = {isa = PBXFileReference; lastKnownFileType = sourcecode.swift; path = ScannerView.swift; sourceTree = "<group>"; };
		405EE7A924B33AB1005F525F /* TextRecognizer.swift */ = {isa = PBXFileReference; lastKnownFileType = sourcecode.swift; path = TextRecognizer.swift; sourceTree = "<group>"; };
		405EFDBD24BC76EB0070BE5F /* IAPService.swift */ = {isa = PBXFileReference; lastKnownFileType = sourcecode.swift; path = IAPService.swift; sourceTree = "<group>"; };
		405EFDBF24BC886A0070BE5F /* SettingsRow.swift */ = {isa = PBXFileReference; lastKnownFileType = sourcecode.swift; path = SettingsRow.swift; sourceTree = "<group>"; };
		405EFDC124BC88B50070BE5F /* UIToggleView.swift */ = {isa = PBXFileReference; lastKnownFileType = sourcecode.swift; path = UIToggleView.swift; sourceTree = "<group>"; };
		405EFDC324BC8C180070BE5F /* SubHeadlineView.swift */ = {isa = PBXFileReference; lastKnownFileType = sourcecode.swift; path = SubHeadlineView.swift; sourceTree = "<group>"; };
		405EFDC524BC9ED90070BE5F /* AppVersionRow.swift */ = {isa = PBXFileReference; lastKnownFileType = sourcecode.swift; path = AppVersionRow.swift; sourceTree = "<group>"; };
		405EFDC724BCA11A0070BE5F /* AppIconView.swift */ = {isa = PBXFileReference; lastKnownFileType = sourcecode.swift; path = AppIconView.swift; sourceTree = "<group>"; };
		405EFDC924BCA12A0070BE5F /* SubcriptionPageView.swift */ = {isa = PBXFileReference; lastKnownFileType = sourcecode.swift; path = SubcriptionPageView.swift; sourceTree = "<group>"; };
		405EFDCB24BCB3E30070BE5F /* MailView.swift */ = {isa = PBXFileReference; lastKnownFileType = sourcecode.swift; path = MailView.swift; sourceTree = "<group>"; };
		4069EF9E24D69AAF003083C6 /* ViewControllerResolver.swift */ = {isa = PBXFileReference; lastKnownFileType = sourcecode.swift; path = ViewControllerResolver.swift; sourceTree = "<group>"; };
		4069EFA024D69D4C003083C6 /* CustomSearchBar.swift */ = {isa = PBXFileReference; lastKnownFileType = sourcecode.swift; path = CustomSearchBar.swift; sourceTree = "<group>"; };
		406CAA4C24BECC2D00933F5D /* PDFToolBarView.swift */ = {isa = PBXFileReference; lastKnownFileType = sourcecode.swift; path = PDFToolBarView.swift; sourceTree = "<group>"; };
		406E9AF324B5E773000FB8FD /* SnapCarouselView.swift */ = {isa = PBXFileReference; lastKnownFileType = sourcecode.swift; path = SnapCarouselView.swift; sourceTree = "<group>"; };
		406E9AF524B5E798000FB8FD /* CarouselCardModel.swift */ = {isa = PBXFileReference; lastKnownFileType = sourcecode.swift; path = CarouselCardModel.swift; sourceTree = "<group>"; };
		406E9AF824B5E80F000FB8FD /* UIStateModel.swift */ = {isa = PBXFileReference; lastKnownFileType = sourcecode.swift; path = UIStateModel.swift; sourceTree = "<group>"; };
		406E9AFA24B617EE000FB8FD /* CustomHeaderView.swift */ = {isa = PBXFileReference; lastKnownFileType = sourcecode.swift; path = CustomHeaderView.swift; sourceTree = "<group>"; };
		407567F324B1FC4A0071B575 /* GeneralDocViewModel.swift */ = {isa = PBXFileReference; lastKnownFileType = sourcecode.swift; path = GeneralDocViewModel.swift; sourceTree = "<group>"; };
		407567F524B1FC620071B575 /* GeneralDocListViewModel.swift */ = {isa = PBXFileReference; lastKnownFileType = sourcecode.swift; path = GeneralDocListViewModel.swift; sourceTree = "<group>"; };
		407567F924B20CF00071B575 /* AddDocGeneView.swift */ = {isa = PBXFileReference; lastKnownFileType = sourcecode.swift; path = AddDocGeneView.swift; sourceTree = "<group>"; };
		407C6A2E24C6D90D00FA0AAA /* GenListRowView.swift */ = {isa = PBXFileReference; lastKnownFileType = sourcecode.swift; path = GenListRowView.swift; sourceTree = "<group>"; };
		40920EAF24B744BE00E2293C /* DrawOnImageView.swift */ = {isa = PBXFileReference; lastKnownFileType = sourcecode.swift; path = DrawOnImageView.swift; sourceTree = "<group>"; };
		40920EB124B74E7800E2293C /* SlideOverCardView.swift */ = {isa = PBXFileReference; lastKnownFileType = sourcecode.swift; path = SlideOverCardView.swift; sourceTree = "<group>"; };
		409244BD24B19D640013BF8F /* Helper+Extensions.swift */ = {isa = PBXFileReference; lastKnownFileType = sourcecode.swift; path = "Helper+Extensions.swift"; sourceTree = "<group>"; };
		409B927E24E43E6300F30EFF /* ActivityIndicatorView.swift */ = {isa = PBXFileReference; lastKnownFileType = sourcecode.swift; path = ActivityIndicatorView.swift; sourceTree = "<group>"; };
		409B928024E43EDF00F30EFF /* LoadingView.swift */ = {isa = PBXFileReference; lastKnownFileType = sourcecode.swift; path = LoadingView.swift; sourceTree = "<group>"; };
		40C408E524B9F2EF00876FAF /* PDFView.swift */ = {isa = PBXFileReference; lastKnownFileType = sourcecode.swift; path = PDFView.swift; sourceTree = "<group>"; };
		40C5140224AE0D2900126ABA /* DWFMAppSettings.swift */ = {isa = PBXFileReference; lastKnownFileType = sourcecode.swift; path = DWFMAppSettings.swift; sourceTree = "<group>"; };
		40C5140424AE14C000126ABA /* SearchBarView.swift */ = {isa = PBXFileReference; lastKnownFileType = sourcecode.swift; path = SearchBarView.swift; sourceTree = "<group>"; };
		40CAFAE024BB480600C1E28A /* ShareSheetView.swift */ = {isa = PBXFileReference; lastKnownFileType = sourcecode.swift; path = ShareSheetView.swift; sourceTree = "<group>"; };
		40CDC49E24AF691900462277 /* Helper+Variables.swift */ = {isa = PBXFileReference; lastKnownFileType = sourcecode.swift; path = "Helper+Variables.swift"; sourceTree = "<group>"; };
		40CDC4C124AF72CD00462277 /* ItemModel+CoreDataClass.swift */ = {isa = PBXFileReference; lastKnownFileType = sourcecode.swift; path = "ItemModel+CoreDataClass.swift"; sourceTree = SOURCE_ROOT; };
		40CDC4C224AF72CD00462277 /* ItemModel+CoreDataProperties.swift */ = {isa = PBXFileReference; lastKnownFileType = sourcecode.swift; path = "ItemModel+CoreDataProperties.swift"; sourceTree = SOURCE_ROOT; };
		40CDC4C324AF72CD00462277 /* PdfFilemodel+CoreDataClass.swift */ = {isa = PBXFileReference; lastKnownFileType = sourcecode.swift; path = "PdfFilemodel+CoreDataClass.swift"; sourceTree = SOURCE_ROOT; };
		40CDC4C424AF72CD00462277 /* PdfFilemodel+CoreDataProperties.swift */ = {isa = PBXFileReference; lastKnownFileType = sourcecode.swift; path = "PdfFilemodel+CoreDataProperties.swift"; sourceTree = SOURCE_ROOT; };
		40CDC4C524AF72CD00462277 /* DirecModel+CoreDataClass.swift */ = {isa = PBXFileReference; lastKnownFileType = sourcecode.swift; path = "DirecModel+CoreDataClass.swift"; sourceTree = SOURCE_ROOT; };
		40CDC4C624AF72CD00462277 /* DirecModel+CoreDataProperties.swift */ = {isa = PBXFileReference; lastKnownFileType = sourcecode.swift; path = "DirecModel+CoreDataProperties.swift"; sourceTree = SOURCE_ROOT; };
		40CDC4CD24AF80DF00462277 /* MainDocListViewModel.swift */ = {isa = PBXFileReference; lastKnownFileType = sourcecode.swift; path = MainDocListViewModel.swift; sourceTree = "<group>"; };
		40CDC4CF24AF91EF00462277 /* docWind.entitlements */ = {isa = PBXFileReference; lastKnownFileType = text.plist.entitlements; path = docWind.entitlements; sourceTree = "<group>"; };
		40CDC4D124AF91F800462277 /* CloudKit.framework */ = {isa = PBXFileReference; lastKnownFileType = wrapper.framework; name = CloudKit.framework; path = System/Library/Frameworks/CloudKit.framework; sourceTree = SDKROOT; };
		40CF63E124CD565F0089D3D3 /* Reachability.swift */ = {isa = PBXFileReference; lastKnownFileType = sourcecode.swift; path = Reachability.swift; sourceTree = "<group>"; };
		40CFB04C24D9794100955957 /* DocumentPickerView.swift */ = {isa = PBXFileReference; lastKnownFileType = sourcecode.swift; path = DocumentPickerView.swift; sourceTree = "<group>"; };
		40CFB05024D9B1E500955957 /* ErrorView.swift */ = {isa = PBXFileReference; lastKnownFileType = sourcecode.swift; path = ErrorView.swift; sourceTree = "<group>"; };
		40D170AB24ADA93000F51F77 /* MainDocViewModel.swift */ = {isa = PBXFileReference; lastKnownFileType = sourcecode.swift; path = MainDocViewModel.swift; sourceTree = "<group>"; };
		40D170AE24ADA95700F51F77 /* CustomNavBarView.swift */ = {isa = PBXFileReference; lastKnownFileType = sourcecode.swift; path = CustomNavBarView.swift; sourceTree = "<group>"; };
		40D170B124ADA9DE00F51F77 /* DocWindFManager.swift */ = {isa = PBXFileReference; lastKnownFileType = sourcecode.swift; path = DocWindFManager.swift; sourceTree = "<group>"; };
		40D1B12024DC4E7D00859F1A /* SecondaryButtonView.swift */ = {isa = PBXFileReference; lastKnownFileType = sourcecode.swift; path = SecondaryButtonView.swift; sourceTree = "<group>"; };
		40DD4F7224C02CDC00D37EFA /* SignaturePageView.swift */ = {isa = PBXFileReference; lastKnownFileType = sourcecode.swift; path = SignaturePageView.swift; sourceTree = "<group>"; };
		40DD4F7424C02F3700D37EFA /* ImageAnnotation.swift */ = {isa = PBXFileReference; lastKnownFileType = sourcecode.swift; path = ImageAnnotation.swift; sourceTree = "<group>"; };
		40DD4F7624C087AE00D37EFA /* ImagePanGestureRecognizer.swift */ = {isa = PBXFileReference; lastKnownFileType = sourcecode.swift; path = ImagePanGestureRecognizer.swift; sourceTree = "<group>"; };
		40DF994724B2E452001CEC67 /* DWDateFormatter.swift */ = {isa = PBXFileReference; lastKnownFileType = sourcecode.swift; path = DWDateFormatter.swift; sourceTree = "<group>"; };
		40DF994924B2F5A2001CEC67 /* AddPdfMainView.swift */ = {isa = PBXFileReference; lastKnownFileType = sourcecode.swift; path = AddPdfMainView.swift; sourceTree = "<group>"; };
		40E387D424E65049001E23D2 /* SearchNavigation.swift */ = {isa = PBXFileReference; lastKnownFileType = sourcecode.swift; path = SearchNavigation.swift; sourceTree = "<group>"; };
		40EF391B24BF5E82007BBAC0 /* ToastView.swift */ = {isa = PBXFileReference; lastKnownFileType = sourcecode.swift; path = ToastView.swift; sourceTree = "<group>"; };
		40EF462B24B4ADF700D07A06 /* ConfPdfView.swift */ = {isa = PBXFileReference; lastKnownFileType = sourcecode.swift; path = ConfPdfView.swift; sourceTree = "<group>"; };
		40FB481624B8AE900045CF13 /* OCRTextView.swift */ = {isa = PBXFileReference; lastKnownFileType = sourcecode.swift; path = OCRTextView.swift; sourceTree = "<group>"; };
		40FB481824B8B0600045CF13 /* NewStarterView.swift */ = {isa = PBXFileReference; lastKnownFileType = sourcecode.swift; path = NewStarterView.swift; sourceTree = "<group>"; };
		40FDE47824AB964B006AAFD2 /* docWind.app */ = {isa = PBXFileReference; explicitFileType = wrapper.application; includeInIndex = 0; path = docWind.app; sourceTree = BUILT_PRODUCTS_DIR; };
		40FDE47B24AB964B006AAFD2 /* AppDelegate.swift */ = {isa = PBXFileReference; lastKnownFileType = sourcecode.swift; path = AppDelegate.swift; sourceTree = "<group>"; };
		40FDE47D24AB964B006AAFD2 /* SceneDelegate.swift */ = {isa = PBXFileReference; lastKnownFileType = sourcecode.swift; path = SceneDelegate.swift; sourceTree = "<group>"; };
		40FDE48024AB964B006AAFD2 /* docWind.xcdatamodel */ = {isa = PBXFileReference; lastKnownFileType = wrapper.xcdatamodel; path = docWind.xcdatamodel; sourceTree = "<group>"; };
		40FDE48224AB964B006AAFD2 /* ContentView.swift */ = {isa = PBXFileReference; lastKnownFileType = sourcecode.swift; path = ContentView.swift; sourceTree = "<group>"; };
		40FDE48424AB964C006AAFD2 /* Assets.xcassets */ = {isa = PBXFileReference; lastKnownFileType = folder.assetcatalog; path = Assets.xcassets; sourceTree = "<group>"; };
		40FDE48724AB964C006AAFD2 /* Preview Assets.xcassets */ = {isa = PBXFileReference; lastKnownFileType = folder.assetcatalog; path = "Preview Assets.xcassets"; sourceTree = "<group>"; };
		40FDE48A24AB964C006AAFD2 /* Base */ = {isa = PBXFileReference; lastKnownFileType = file.storyboard; name = Base; path = Base.lproj/LaunchScreen.storyboard; sourceTree = "<group>"; };
		40FDE48C24AB964C006AAFD2 /* Info.plist */ = {isa = PBXFileReference; lastKnownFileType = text.plist.xml; path = Info.plist; sourceTree = "<group>"; };
		40FDE49424AC4C3D006AAFD2 /* IntroView.swift */ = {isa = PBXFileReference; lastKnownFileType = sourcecode.swift; path = IntroView.swift; sourceTree = "<group>"; };
		40FDE49624AC4C6C006AAFD2 /* SettingsManagable.swift */ = {isa = PBXFileReference; lastKnownFileType = sourcecode.swift; path = SettingsManagable.swift; sourceTree = "<group>"; };
		40FDE49924AC4C95006AAFD2 /* AppSettings.swift */ = {isa = PBXFileReference; lastKnownFileType = sourcecode.swift; path = AppSettings.swift; sourceTree = "<group>"; };
		40FDE49B24AC4EC9006AAFD2 /* Helper+Struct.swift */ = {isa = PBXFileReference; lastKnownFileType = sourcecode.swift; path = "Helper+Struct.swift"; sourceTree = "<group>"; };
		40FE66A624CB126D00B6A064 /* HeaderView.swift */ = {isa = PBXFileReference; lastKnownFileType = sourcecode.swift; path = HeaderView.swift; sourceTree = "<group>"; };
		40FE66D824CB21A500B6A064 /* blackBlue.png */ = {isa = PBXFileReference; lastKnownFileType = image.png; path = blackBlue.png; sourceTree = "<group>"; };
		40FE66D924CB21A500B6A064 /* blackYellow@3x.png */ = {isa = PBXFileReference; lastKnownFileType = image.png; path = "blackYellow@3x.png"; sourceTree = "<group>"; };
		40FE66DA24CB21A600B6A064 /* blackGreen.png */ = {isa = PBXFileReference; lastKnownFileType = image.png; path = blackGreen.png; sourceTree = "<group>"; };
		40FE66DB24CB21A600B6A064 /* blackBlue@2x.png */ = {isa = PBXFileReference; lastKnownFileType = image.png; path = "blackBlue@2x.png"; sourceTree = "<group>"; };
		40FE66DC24CB21A600B6A064 /* blackRed@2x.png */ = {isa = PBXFileReference; lastKnownFileType = image.png; path = "blackRed@2x.png"; sourceTree = "<group>"; };
		40FE66DD24CB21A600B6A064 /* blackGreen@3x.png */ = {isa = PBXFileReference; lastKnownFileType = image.png; path = "blackGreen@3x.png"; sourceTree = "<group>"; };
		40FE66DE24CB21A600B6A064 /* blackBlue@3x.png */ = {isa = PBXFileReference; lastKnownFileType = image.png; path = "blackBlue@3x.png"; sourceTree = "<group>"; };
		40FE66DF24CB21A700B6A064 /* blackRed.png */ = {isa = PBXFileReference; lastKnownFileType = image.png; path = blackRed.png; sourceTree = "<group>"; };
		40FE66E024CB21A700B6A064 /* blackYellow.png */ = {isa = PBXFileReference; lastKnownFileType = image.png; path = blackYellow.png; sourceTree = "<group>"; };
		40FE66E124CB21A700B6A064 /* blackGreen@2x.png */ = {isa = PBXFileReference; lastKnownFileType = image.png; path = "blackGreen@2x.png"; sourceTree = "<group>"; };
		40FE66E224CB21A700B6A064 /* blackYellow@2x.png */ = {isa = PBXFileReference; lastKnownFileType = image.png; path = "blackYellow@2x.png"; sourceTree = "<group>"; };
		40FE66E324CB21A800B6A064 /* blackRed@3x.png */ = {isa = PBXFileReference; lastKnownFileType = image.png; path = "blackRed@3x.png"; sourceTree = "<group>"; };
/* End PBXFileReference section */

/* Begin PBXFrameworksBuildPhase section */
		40FDE47524AB964B006AAFD2 /* Frameworks */ = {
			isa = PBXFrameworksBuildPhase;
			buildActionMask = 2147483647;
			files = (
				40CDC4D224AF91F800462277 /* CloudKit.framework in Frameworks */,
			);
			runOnlyForDeploymentPostprocessing = 0;
		};
/* End PBXFrameworksBuildPhase section */

/* Begin PBXGroup section */
		402C0B7324B0B10600A5A6C9 /* Pdf module */ = {
			isa = PBXGroup;
			children = (
				402C0B6F24B0B0F200A5A6C9 /* DetailPdfView.swift */,
				402C0B7124B0B0FF00A5A6C9 /* ScanPdfView.swift */,
				40EF462B24B4ADF700D07A06 /* ConfPdfView.swift */,
				40FB481624B8AE900045CF13 /* OCRTextView.swift */,
				406CAA4C24BECC2D00933F5D /* PDFToolBarView.swift */,
				40DF994924B2F5A2001CEC67 /* AddPdfMainView.swift */,
				4010734C24BAD971002AFDD2 /* AddPdfFileGenView.swift */,
				40DD4F7224C02CDC00D37EFA /* SignaturePageView.swift */,
				40284BFC24D83745004EE44E /* EditPdfMainView.swift */,
			);
			path = "Pdf module";
			sourceTree = "<group>";
		};
		402C0B7424B0B11500A5A6C9 /* Main module */ = {
			isa = PBXGroup;
			children = (
				402C0B9A24B0C0A800A5A6C9 /* Directory module */,
				402C0B7324B0B10600A5A6C9 /* Pdf module */,
			);
			path = "Main module";
			sourceTree = "<group>";
		};
		402C0B9A24B0C0A800A5A6C9 /* Directory module */ = {
			isa = PBXGroup;
			children = (
				402C0B6D24B0B0E800A5A6C9 /* DetailedDirecView.swift */,
				402C0B9824B0C0A200A5A6C9 /* AddDirecView.swift */,
				407567F924B20CF00071B575 /* AddDocGeneView.swift */,
			);
			path = "Directory module";
			sourceTree = "<group>";
		};
		404D7F9B24B6EF99002F53F0 /* Settings module */ = {
			isa = PBXGroup;
			children = (
				404D7F9924B6ED3B002F53F0 /* SettingsView.swift */,
				405EFDC724BCA11A0070BE5F /* AppIconView.swift */,
				405EFDC924BCA12A0070BE5F /* SubcriptionPageView.swift */,
			);
			path = "Settings module";
			sourceTree = "<group>";
		};
		405EE7A424B3398E005F525F /* Classes */ = {
			isa = PBXGroup;
			children = (
				40DF994724B2E452001CEC67 /* DWDateFormatter.swift */,
				405EE7A524B339B4005F525F /* RecognizedText.swift */,
				405EE7A924B33AB1005F525F /* TextRecognizer.swift */,
				406E9AF824B5E80F000FB8FD /* UIStateModel.swift */,
				405EFDBD24BC76EB0070BE5F /* IAPService.swift */,
				4012033124BDD1F900167917 /* PinchToZoom.swift */,
				4012033524BDE04100167917 /* PDFDrawer.swift */,
				4012033724BDE06B00167917 /* DrawingGestureRecogniser.swift */,
				4012033924BDE09C00167917 /* DrawingAnnotation.swift */,
				4012033B24BDE0D700167917 /* NonSelectableView.swift */,
				40DD4F7424C02F3700D37EFA /* ImageAnnotation.swift */,
				40DD4F7624C087AE00D37EFA /* ImagePanGestureRecognizer.swift */,
			);
			path = Classes;
			sourceTree = "<group>";
		};
		406E9AF724B5E79D000FB8FD /* Model */ = {
			isa = PBXGroup;
			children = (
				406E9AF524B5E798000FB8FD /* CarouselCardModel.swift */,
			);
			path = Model;
			sourceTree = "<group>";
		};
		40CDC4C024AF728C00462277 /* CoreData Models */ = {
			isa = PBXGroup;
			children = (
				40CDC4C124AF72CD00462277 /* ItemModel+CoreDataClass.swift */,
				40CDC4C224AF72CD00462277 /* ItemModel+CoreDataProperties.swift */,
				40CDC4C324AF72CD00462277 /* PdfFilemodel+CoreDataClass.swift */,
				40CDC4C424AF72CD00462277 /* PdfFilemodel+CoreDataProperties.swift */,
				40CDC4C524AF72CD00462277 /* DirecModel+CoreDataClass.swift */,
				40CDC4C624AF72CD00462277 /* DirecModel+CoreDataProperties.swift */,
			);
			path = "CoreData Models";
			sourceTree = "<group>";
		};
		40CDC4D024AF91F800462277 /* Frameworks */ = {
			isa = PBXGroup;
			children = (
				40CDC4D124AF91F800462277 /* CloudKit.framework */,
			);
			name = Frameworks;
			sourceTree = "<group>";
		};
		40D170AA24ADA90800F51F77 /* Intro module */ = {
			isa = PBXGroup;
			children = (
				40FDE49424AC4C3D006AAFD2 /* IntroView.swift */,
				40FB481824B8B0600045CF13 /* NewStarterView.swift */,
				40CFB05024D9B1E500955957 /* ErrorView.swift */,
			);
			path = "Intro module";
			sourceTree = "<group>";
		};
		40D170AD24ADA93300F51F77 /* View Model */ = {
			isa = PBXGroup;
			children = (
				40D170AB24ADA93000F51F77 /* MainDocViewModel.swift */,
				40CDC4CD24AF80DF00462277 /* MainDocListViewModel.swift */,
				407567F324B1FC4A0071B575 /* GeneralDocViewModel.swift */,
				407567F524B1FC620071B575 /* GeneralDocListViewModel.swift */,
			);
			path = "View Model";
			sourceTree = "<group>";
		};
		40D170B024ADA95A00F51F77 /* Custom View */ = {
			isa = PBXGroup;
			children = (
				40D170AE24ADA95700F51F77 /* CustomNavBarView.swift */,
				40C5140424AE14C000126ABA /* SearchBarView.swift */,
				402C0B6724B0A29400A5A6C9 /* ListCustomGridView.swift */,
				402C0B6B24B0ACD600A5A6C9 /* NormalListRowView.swift */,
				407C6A2E24C6D90D00FA0AAA /* GenListRowView.swift */,
				405EE7A724B339DD005F525F /* ScannerView.swift */,
				406E9AF324B5E773000FB8FD /* SnapCarouselView.swift */,
				406E9AFA24B617EE000FB8FD /* CustomHeaderView.swift */,
				40920EAF24B744BE00E2293C /* DrawOnImageView.swift */,
				40920EB124B74E7800E2293C /* SlideOverCardView.swift */,
				40485D8924B98C9F008A137A /* TextView.swift */,
				40485D8B24B995E7008A137A /* BlurView.swift */,
				40CAFAE024BB480600C1E28A /* ShareSheetView.swift */,
				405EFDBF24BC886A0070BE5F /* SettingsRow.swift */,
				405EFDC124BC88B50070BE5F /* UIToggleView.swift */,
				405EFDC324BC8C180070BE5F /* SubHeadlineView.swift */,
				405EFDC524BC9ED90070BE5F /* AppVersionRow.swift */,
				405EFDCB24BCB3E30070BE5F /* MailView.swift */,
				40C408E524B9F2EF00876FAF /* PDFView.swift */,
				4012033324BDD9DF00167917 /* ODVThumbnailView.swift */,
				40EF391B24BF5E82007BBAC0 /* ToastView.swift */,
				40FE66A624CB126D00B6A064 /* HeaderView.swift */,
				4069EF9E24D69AAF003083C6 /* ViewControllerResolver.swift */,
				4069EFA024D69D4C003083C6 /* CustomSearchBar.swift */,
				40CFB04C24D9794100955957 /* DocumentPickerView.swift */,
				402333ED24DA9247007FE8C6 /* ImagePickerView.swift */,
				40D1B12024DC4E7D00859F1A /* SecondaryButtonView.swift */,
				409B927E24E43E6300F30EFF /* ActivityIndicatorView.swift */,
				409B928024E43EDF00F30EFF /* LoadingView.swift */,
				40E387D424E65049001E23D2 /* SearchNavigation.swift */,
			);
			path = "Custom View";
			sourceTree = "<group>";
		};
		40FDE46F24AB964B006AAFD2 = {
			isa = PBXGroup;
			children = (
				40FDE47A24AB964B006AAFD2 /* docWind */,
				40FDE47924AB964B006AAFD2 /* Products */,
				40CDC4D024AF91F800462277 /* Frameworks */,
			);
			sourceTree = "<group>";
		};
		40FDE47924AB964B006AAFD2 /* Products */ = {
			isa = PBXGroup;
			children = (
				40FDE47824AB964B006AAFD2 /* docWind.app */,
			);
			name = Products;
			sourceTree = "<group>";
		};
		40FDE47A24AB964B006AAFD2 /* docWind */ = {
			isa = PBXGroup;
			children = (
				40FE669D24CB0B9000B6A064 /* App icons */,
				40CDC4CF24AF91EF00462277 /* docWind.entitlements */,
				40FDE49224AC4C14006AAFD2 /* Services */,
				405EE7A424B3398E005F525F /* Classes */,
				40D170B024ADA95A00F51F77 /* Custom View */,
				40FDE49324AC4C2F006AAFD2 /* Views */,
				40D170AD24ADA93300F51F77 /* View Model */,
				406E9AF724B5E79D000FB8FD /* Model */,
				40CDC4C024AF728C00462277 /* CoreData Models */,
				40FDE49824AC4C87006AAFD2 /* Settings */,
				40FDE49D24AC4ECD006AAFD2 /* Helpers */,
				40FDE48424AB964C006AAFD2 /* Assets.xcassets */,
				40FDE48924AB964C006AAFD2 /* LaunchScreen.storyboard */,
				40FDE48C24AB964C006AAFD2 /* Info.plist */,
				40FDE47F24AB964B006AAFD2 /* docWind.xcdatamodeld */,
				40FDE48624AB964C006AAFD2 /* Preview Content */,
			);
			path = docWind;
			sourceTree = "<group>";
		};
		40FDE48624AB964C006AAFD2 /* Preview Content */ = {
			isa = PBXGroup;
			children = (
				40FDE48724AB964C006AAFD2 /* Preview Assets.xcassets */,
			);
			path = "Preview Content";
			sourceTree = "<group>";
		};
		40FDE49224AC4C14006AAFD2 /* Services */ = {
			isa = PBXGroup;
			children = (
				40FDE47B24AB964B006AAFD2 /* AppDelegate.swift */,
				40FDE47D24AB964B006AAFD2 /* SceneDelegate.swift */,
				40CF63E124CD565F0089D3D3 /* Reachability.swift */,
			);
			path = Services;
			sourceTree = "<group>";
		};
		40FDE49324AC4C2F006AAFD2 /* Views */ = {
			isa = PBXGroup;
			children = (
				40FDE48224AB964B006AAFD2 /* ContentView.swift */,
				40D170AA24ADA90800F51F77 /* Intro module */,
				402C0B7424B0B11500A5A6C9 /* Main module */,
				404D7F9B24B6EF99002F53F0 /* Settings module */,
			);
			path = Views;
			sourceTree = "<group>";
		};
		40FDE49824AC4C87006AAFD2 /* Settings */ = {
			isa = PBXGroup;
			children = (
				40FDE49624AC4C6C006AAFD2 /* SettingsManagable.swift */,
				40FDE49924AC4C95006AAFD2 /* AppSettings.swift */,
				40D170B124ADA9DE00F51F77 /* DocWindFManager.swift */,
				40C5140224AE0D2900126ABA /* DWFMAppSettings.swift */,
			);
			path = Settings;
			sourceTree = "<group>";
		};
		40FDE49D24AC4ECD006AAFD2 /* Helpers */ = {
			isa = PBXGroup;
			children = (
				40FDE49B24AC4EC9006AAFD2 /* Helper+Struct.swift */,
				40CDC49E24AF691900462277 /* Helper+Variables.swift */,
				402C0B6924B0A37A00A5A6C9 /* Helper+enums.swift */,
				409244BD24B19D640013BF8F /* Helper+Extensions.swift */,
			);
			path = Helpers;
			sourceTree = "<group>";
		};
		40FE669D24CB0B9000B6A064 /* App icons */ = {
			isa = PBXGroup;
			children = (
				40FE66D824CB21A500B6A064 /* blackBlue.png */,
				40FE66DB24CB21A600B6A064 /* blackBlue@2x.png */,
				40FE66DE24CB21A600B6A064 /* blackBlue@3x.png */,
				40FE66DA24CB21A600B6A064 /* blackGreen.png */,
				40FE66E124CB21A700B6A064 /* blackGreen@2x.png */,
				40FE66DD24CB21A600B6A064 /* blackGreen@3x.png */,
				40FE66DF24CB21A700B6A064 /* blackRed.png */,
				40FE66DC24CB21A600B6A064 /* blackRed@2x.png */,
				40FE66E324CB21A800B6A064 /* blackRed@3x.png */,
				40FE66E024CB21A700B6A064 /* blackYellow.png */,
				40FE66E224CB21A700B6A064 /* blackYellow@2x.png */,
				40FE66D924CB21A500B6A064 /* blackYellow@3x.png */,
			);
			path = "App icons";
			sourceTree = "<group>";
		};
/* End PBXGroup section */

/* Begin PBXNativeTarget section */
		40FDE47724AB964B006AAFD2 /* docWind */ = {
			isa = PBXNativeTarget;
			buildConfigurationList = 40FDE48F24AB964C006AAFD2 /* Build configuration list for PBXNativeTarget "docWind" */;
			buildPhases = (
				40FDE47424AB964B006AAFD2 /* Sources */,
				40FDE47524AB964B006AAFD2 /* Frameworks */,
				40FDE47624AB964B006AAFD2 /* Resources */,
			);
			buildRules = (
			);
			dependencies = (
			);
			name = docWind;
			productName = docWind;
			productReference = 40FDE47824AB964B006AAFD2 /* docWind.app */;
			productType = "com.apple.product-type.application";
		};
/* End PBXNativeTarget section */

/* Begin PBXProject section */
		40FDE47024AB964B006AAFD2 /* Project object */ = {
			isa = PBXProject;
			attributes = {
				LastSwiftUpdateCheck = 1130;
				LastUpgradeCheck = 1130;
				ORGANIZATIONNAME = "Sarvad shetty";
				TargetAttributes = {
					40FDE47724AB964B006AAFD2 = {
						CreatedOnToolsVersion = 11.3.1;
					};
				};
			};
			buildConfigurationList = 40FDE47324AB964B006AAFD2 /* Build configuration list for PBXProject "docWind" */;
			compatibilityVersion = "Xcode 9.3";
			developmentRegion = en;
			hasScannedForEncodings = 0;
			knownRegions = (
				en,
				Base,
			);
			mainGroup = 40FDE46F24AB964B006AAFD2;
			productRefGroup = 40FDE47924AB964B006AAFD2 /* Products */;
			projectDirPath = "";
			projectRoot = "";
			targets = (
				40FDE47724AB964B006AAFD2 /* docWind */,
			);
		};
/* End PBXProject section */

/* Begin PBXResourcesBuildPhase section */
		40FDE47624AB964B006AAFD2 /* Resources */ = {
			isa = PBXResourcesBuildPhase;
			buildActionMask = 2147483647;
			files = (
				40FDE48B24AB964C006AAFD2 /* LaunchScreen.storyboard in Resources */,
				40FE66E424CB21A800B6A064 /* blackBlue.png in Resources */,
				40FE66E724CB21A800B6A064 /* blackBlue@2x.png in Resources */,
				40FE66EA24CB21A800B6A064 /* blackBlue@3x.png in Resources */,
				40FE66E524CB21A800B6A064 /* blackYellow@3x.png in Resources */,
				40FE66E924CB21A800B6A064 /* blackGreen@3x.png in Resources */,
				40FE66ED24CB21A800B6A064 /* blackGreen@2x.png in Resources */,
				40FE66E824CB21A800B6A064 /* blackRed@2x.png in Resources */,
				40FE66EC24CB21A800B6A064 /* blackYellow.png in Resources */,
				40FE66E624CB21A800B6A064 /* blackGreen.png in Resources */,
				40FE66EE24CB21A800B6A064 /* blackYellow@2x.png in Resources */,
				40FE66EB24CB21A800B6A064 /* blackRed.png in Resources */,
				40FDE48824AB964C006AAFD2 /* Preview Assets.xcassets in Resources */,
				40FDE48524AB964C006AAFD2 /* Assets.xcassets in Resources */,
				40FE66EF24CB21A800B6A064 /* blackRed@3x.png in Resources */,
			);
			runOnlyForDeploymentPostprocessing = 0;
		};
/* End PBXResourcesBuildPhase section */

/* Begin PBXSourcesBuildPhase section */
		40FDE47424AB964B006AAFD2 /* Sources */ = {
			isa = PBXSourcesBuildPhase;
			buildActionMask = 2147483647;
			files = (
				40EF391C24BF5E82007BBAC0 /* ToastView.swift in Sources */,
				4012033224BDD1F900167917 /* PinchToZoom.swift in Sources */,
				40DF994824B2E452001CEC67 /* DWDateFormatter.swift in Sources */,
				402C0B6E24B0B0E800A5A6C9 /* DetailedDirecView.swift in Sources */,
				40CDC4C724AF72CD00462277 /* ItemModel+CoreDataClass.swift in Sources */,
				409B928124E43EDF00F30EFF /* LoadingView.swift in Sources */,
				405EE7A624B339B4005F525F /* RecognizedText.swift in Sources */,
				407567FA24B20CF00071B575 /* AddDocGeneView.swift in Sources */,
				402C0B6824B0A29500A5A6C9 /* ListCustomGridView.swift in Sources */,
				407C6A2F24C6D90D00FA0AAA /* GenListRowView.swift in Sources */,
				40CAFAE124BB480600C1E28A /* ShareSheetView.swift in Sources */,
				4012033C24BDE0D700167917 /* NonSelectableView.swift in Sources */,
				405EFDC824BCA11A0070BE5F /* AppIconView.swift in Sources */,
				402C0B6C24B0ACD600A5A6C9 /* NormalListRowView.swift in Sources */,
				40DD4F7724C087AE00D37EFA /* ImagePanGestureRecognizer.swift in Sources */,
				40CDC4C824AF72CD00462277 /* ItemModel+CoreDataProperties.swift in Sources */,
				40C5140324AE0D2900126ABA /* DWFMAppSettings.swift in Sources */,
				4069EF9F24D69AAF003083C6 /* ViewControllerResolver.swift in Sources */,
				40CFB05124D9B1E500955957 /* ErrorView.swift in Sources */,
				40485D8A24B98C9F008A137A /* TextView.swift in Sources */,
				40DD4F7324C02CDC00D37EFA /* SignaturePageView.swift in Sources */,
				40CFB04D24D9794100955957 /* DocumentPickerView.swift in Sources */,
				405EE7A824B339DD005F525F /* ScannerView.swift in Sources */,
				40FDE47C24AB964B006AAFD2 /* AppDelegate.swift in Sources */,
				4012033624BDE04100167917 /* PDFDrawer.swift in Sources */,
				406E9AF924B5E80F000FB8FD /* UIStateModel.swift in Sources */,
				40C408E624B9F2EF00876FAF /* PDFView.swift in Sources */,
				404D7F9A24B6ED3B002F53F0 /* SettingsView.swift in Sources */,
				405EFDC224BC88B50070BE5F /* UIToggleView.swift in Sources */,
				40FDE49724AC4C6C006AAFD2 /* SettingsManagable.swift in Sources */,
				4012033A24BDE09C00167917 /* DrawingAnnotation.swift in Sources */,
				405EFDCC24BCB3E30070BE5F /* MailView.swift in Sources */,
				40FE66A724CB126D00B6A064 /* HeaderView.swift in Sources */,
				4069EFA124D69D4C003083C6 /* CustomSearchBar.swift in Sources */,
				405EFDC024BC886A0070BE5F /* SettingsRow.swift in Sources */,
				405EFDBE24BC76EB0070BE5F /* IAPService.swift in Sources */,
				4012033424BDD9DF00167917 /* ODVThumbnailView.swift in Sources */,
				40FDE49A24AC4C95006AAFD2 /* AppSettings.swift in Sources */,
				40CDC4CA24AF72CD00462277 /* PdfFilemodel+CoreDataProperties.swift in Sources */,
				40DF994A24B2F5A2001CEC67 /* AddPdfMainView.swift in Sources */,
				40CDC4CB24AF72CD00462277 /* DirecModel+CoreDataClass.swift in Sources */,
				40E387D524E65049001E23D2 /* SearchNavigation.swift in Sources */,
				40CDC4C924AF72CD00462277 /* PdfFilemodel+CoreDataClass.swift in Sources */,
				40920EB224B74E7800E2293C /* SlideOverCardView.swift in Sources */,
				40FDE48124AB964B006AAFD2 /* docWind.xcdatamodeld in Sources */,
				40485D8C24B995E7008A137A /* BlurView.swift in Sources */,
				402333EE24DA9248007FE8C6 /* ImagePickerView.swift in Sources */,
				402C0B6A24B0A37A00A5A6C9 /* Helper+enums.swift in Sources */,
				406E9AF624B5E798000FB8FD /* CarouselCardModel.swift in Sources */,
				40FDE49524AC4C3D006AAFD2 /* IntroView.swift in Sources */,
				406E9AFB24B617EE000FB8FD /* CustomHeaderView.swift in Sources */,
				40FDE48324AB964B006AAFD2 /* ContentView.swift in Sources */,
				40D1B12124DC4E7D00859F1A /* SecondaryButtonView.swift in Sources */,
				40EF462C24B4ADF700D07A06 /* ConfPdfView.swift in Sources */,
				40D170B224ADA9DE00F51F77 /* DocWindFManager.swift in Sources */,
				40FDE49C24AC4EC9006AAFD2 /* Helper+Struct.swift in Sources */,
				405EFDC624BC9ED90070BE5F /* AppVersionRow.swift in Sources */,
				402C0B7224B0B0FF00A5A6C9 /* ScanPdfView.swift in Sources */,
				40920EB024B744BE00E2293C /* DrawOnImageView.swift in Sources */,
				40C5140524AE14C000126ABA /* SearchBarView.swift in Sources */,
				40CF63E224CD565F0089D3D3 /* Reachability.swift in Sources */,
				409B927F24E43E6300F30EFF /* ActivityIndicatorView.swift in Sources */,
				405EFDC424BC8C180070BE5F /* SubHeadlineView.swift in Sources */,
				40FB481724B8AE900045CF13 /* OCRTextView.swift in Sources */,
				405EFDCA24BCA12A0070BE5F /* SubcriptionPageView.swift in Sources */,
				40CDC4CC24AF72CD00462277 /* DirecModel+CoreDataProperties.swift in Sources */,
				406E9AF424B5E773000FB8FD /* SnapCarouselView.swift in Sources */,
				40284BFD24D83745004EE44E /* EditPdfMainView.swift in Sources */,
				402C0B7024B0B0F200A5A6C9 /* DetailPdfView.swift in Sources */,
				40FDE47E24AB964B006AAFD2 /* SceneDelegate.swift in Sources */,
				40D170AC24ADA93000F51F77 /* MainDocViewModel.swift in Sources */,
				4012033824BDE06B00167917 /* DrawingGestureRecogniser.swift in Sources */,
				407567F424B1FC4A0071B575 /* GeneralDocViewModel.swift in Sources */,
				4010734D24BAD971002AFDD2 /* AddPdfFileGenView.swift in Sources */,
				40FB481924B8B0600045CF13 /* NewStarterView.swift in Sources */,
				409244BE24B19D640013BF8F /* Helper+Extensions.swift in Sources */,
				405EE7AA24B33AB1005F525F /* TextRecognizer.swift in Sources */,
				402C0B9924B0C0A200A5A6C9 /* AddDirecView.swift in Sources */,
				406CAA4D24BECC2E00933F5D /* PDFToolBarView.swift in Sources */,
				40D170AF24ADA95700F51F77 /* CustomNavBarView.swift in Sources */,
				40DD4F7524C02F3700D37EFA /* ImageAnnotation.swift in Sources */,
				40CDC4CE24AF80DF00462277 /* MainDocListViewModel.swift in Sources */,
				40CDC49F24AF691900462277 /* Helper+Variables.swift in Sources */,
				407567F624B1FC620071B575 /* GeneralDocListViewModel.swift in Sources */,
			);
			runOnlyForDeploymentPostprocessing = 0;
		};
/* End PBXSourcesBuildPhase section */

/* Begin PBXVariantGroup section */
		40FDE48924AB964C006AAFD2 /* LaunchScreen.storyboard */ = {
			isa = PBXVariantGroup;
			children = (
				40FDE48A24AB964C006AAFD2 /* Base */,
			);
			name = LaunchScreen.storyboard;
			sourceTree = "<group>";
		};
/* End PBXVariantGroup section */

/* Begin XCBuildConfiguration section */
		40FDE48D24AB964C006AAFD2 /* Debug */ = {
			isa = XCBuildConfiguration;
			buildSettings = {
				ALWAYS_SEARCH_USER_PATHS = NO;
				CLANG_ANALYZER_NONNULL = YES;
				CLANG_ANALYZER_NUMBER_OBJECT_CONVERSION = YES_AGGRESSIVE;
				CLANG_CXX_LANGUAGE_STANDARD = "gnu++14";
				CLANG_CXX_LIBRARY = "libc++";
				CLANG_ENABLE_MODULES = YES;
				CLANG_ENABLE_OBJC_ARC = YES;
				CLANG_ENABLE_OBJC_WEAK = YES;
				CLANG_WARN_BLOCK_CAPTURE_AUTORELEASING = YES;
				CLANG_WARN_BOOL_CONVERSION = YES;
				CLANG_WARN_COMMA = YES;
				CLANG_WARN_CONSTANT_CONVERSION = YES;
				CLANG_WARN_DEPRECATED_OBJC_IMPLEMENTATIONS = YES;
				CLANG_WARN_DIRECT_OBJC_ISA_USAGE = YES_ERROR;
				CLANG_WARN_DOCUMENTATION_COMMENTS = YES;
				CLANG_WARN_EMPTY_BODY = YES;
				CLANG_WARN_ENUM_CONVERSION = YES;
				CLANG_WARN_INFINITE_RECURSION = YES;
				CLANG_WARN_INT_CONVERSION = YES;
				CLANG_WARN_NON_LITERAL_NULL_CONVERSION = YES;
				CLANG_WARN_OBJC_IMPLICIT_RETAIN_SELF = YES;
				CLANG_WARN_OBJC_LITERAL_CONVERSION = YES;
				CLANG_WARN_OBJC_ROOT_CLASS = YES_ERROR;
				CLANG_WARN_RANGE_LOOP_ANALYSIS = YES;
				CLANG_WARN_STRICT_PROTOTYPES = YES;
				CLANG_WARN_SUSPICIOUS_MOVE = YES;
				CLANG_WARN_UNGUARDED_AVAILABILITY = YES_AGGRESSIVE;
				CLANG_WARN_UNREACHABLE_CODE = YES;
				CLANG_WARN__DUPLICATE_METHOD_MATCH = YES;
				COPY_PHASE_STRIP = NO;
				DEBUG_INFORMATION_FORMAT = dwarf;
				ENABLE_STRICT_OBJC_MSGSEND = YES;
				ENABLE_TESTABILITY = YES;
				GCC_C_LANGUAGE_STANDARD = gnu11;
				GCC_DYNAMIC_NO_PIC = NO;
				GCC_NO_COMMON_BLOCKS = YES;
				GCC_OPTIMIZATION_LEVEL = 0;
				GCC_PREPROCESSOR_DEFINITIONS = (
					"DEBUG=1",
					"$(inherited)",
				);
				GCC_WARN_64_TO_32_BIT_CONVERSION = YES;
				GCC_WARN_ABOUT_RETURN_TYPE = YES_ERROR;
				GCC_WARN_UNDECLARED_SELECTOR = YES;
				GCC_WARN_UNINITIALIZED_AUTOS = YES_AGGRESSIVE;
				GCC_WARN_UNUSED_FUNCTION = YES;
				GCC_WARN_UNUSED_VARIABLE = YES;
				IPHONEOS_DEPLOYMENT_TARGET = 13.0;
				MTL_ENABLE_DEBUG_INFO = INCLUDE_SOURCE;
				MTL_FAST_MATH = YES;
				ONLY_ACTIVE_ARCH = YES;
				SDKROOT = iphoneos;
				SWIFT_ACTIVE_COMPILATION_CONDITIONS = DEBUG;
				SWIFT_OPTIMIZATION_LEVEL = "-Onone";
			};
			name = Debug;
		};
		40FDE48E24AB964C006AAFD2 /* Release */ = {
			isa = XCBuildConfiguration;
			buildSettings = {
				ALWAYS_SEARCH_USER_PATHS = NO;
				CLANG_ANALYZER_NONNULL = YES;
				CLANG_ANALYZER_NUMBER_OBJECT_CONVERSION = YES_AGGRESSIVE;
				CLANG_CXX_LANGUAGE_STANDARD = "gnu++14";
				CLANG_CXX_LIBRARY = "libc++";
				CLANG_ENABLE_MODULES = YES;
				CLANG_ENABLE_OBJC_ARC = YES;
				CLANG_ENABLE_OBJC_WEAK = YES;
				CLANG_WARN_BLOCK_CAPTURE_AUTORELEASING = YES;
				CLANG_WARN_BOOL_CONVERSION = YES;
				CLANG_WARN_COMMA = YES;
				CLANG_WARN_CONSTANT_CONVERSION = YES;
				CLANG_WARN_DEPRECATED_OBJC_IMPLEMENTATIONS = YES;
				CLANG_WARN_DIRECT_OBJC_ISA_USAGE = YES_ERROR;
				CLANG_WARN_DOCUMENTATION_COMMENTS = YES;
				CLANG_WARN_EMPTY_BODY = YES;
				CLANG_WARN_ENUM_CONVERSION = YES;
				CLANG_WARN_INFINITE_RECURSION = YES;
				CLANG_WARN_INT_CONVERSION = YES;
				CLANG_WARN_NON_LITERAL_NULL_CONVERSION = YES;
				CLANG_WARN_OBJC_IMPLICIT_RETAIN_SELF = YES;
				CLANG_WARN_OBJC_LITERAL_CONVERSION = YES;
				CLANG_WARN_OBJC_ROOT_CLASS = YES_ERROR;
				CLANG_WARN_RANGE_LOOP_ANALYSIS = YES;
				CLANG_WARN_STRICT_PROTOTYPES = YES;
				CLANG_WARN_SUSPICIOUS_MOVE = YES;
				CLANG_WARN_UNGUARDED_AVAILABILITY = YES_AGGRESSIVE;
				CLANG_WARN_UNREACHABLE_CODE = YES;
				CLANG_WARN__DUPLICATE_METHOD_MATCH = YES;
				COPY_PHASE_STRIP = NO;
				DEBUG_INFORMATION_FORMAT = "dwarf-with-dsym";
				ENABLE_NS_ASSERTIONS = NO;
				ENABLE_STRICT_OBJC_MSGSEND = YES;
				GCC_C_LANGUAGE_STANDARD = gnu11;
				GCC_NO_COMMON_BLOCKS = YES;
				GCC_WARN_64_TO_32_BIT_CONVERSION = YES;
				GCC_WARN_ABOUT_RETURN_TYPE = YES_ERROR;
				GCC_WARN_UNDECLARED_SELECTOR = YES;
				GCC_WARN_UNINITIALIZED_AUTOS = YES_AGGRESSIVE;
				GCC_WARN_UNUSED_FUNCTION = YES;
				GCC_WARN_UNUSED_VARIABLE = YES;
				IPHONEOS_DEPLOYMENT_TARGET = 13.0;
				MTL_ENABLE_DEBUG_INFO = NO;
				MTL_FAST_MATH = YES;
				SDKROOT = iphoneos;
				SWIFT_COMPILATION_MODE = wholemodule;
				SWIFT_OPTIMIZATION_LEVEL = "-O";
				VALIDATE_PRODUCT = YES;
			};
			name = Release;
		};
		40FDE49024AB964C006AAFD2 /* Debug */ = {
			isa = XCBuildConfiguration;
			buildSettings = {
				ASSETCATALOG_COMPILER_APPICON_NAME = AppIcon;
				CODE_SIGN_ENTITLEMENTS = docWind/docWind.entitlements;
				CODE_SIGN_STYLE = Automatic;
				CURRENT_PROJECT_VERSION = 7;
				DEVELOPMENT_ASSET_PATHS = "\"docWind/Preview Content\"";
				DEVELOPMENT_TEAM = N4FDL334LZ;
				ENABLE_PREVIEWS = YES;
				INFOPLIST_FILE = docWind/Info.plist;
				IPHONEOS_DEPLOYMENT_TARGET = 13.0;
				LD_RUNPATH_SEARCH_PATHS = (
					"$(inherited)",
					"@executable_path/Frameworks",
				);
				MARKETING_VERSION = 1.8;
				PRODUCT_BUNDLE_IDENTIFIER = com.sarvadShetty.docWind;
				PRODUCT_NAME = "$(TARGET_NAME)";
				SWIFT_VERSION = 5.0;
				TARGETED_DEVICE_FAMILY = 1;
			};
			name = Debug;
		};
		40FDE49124AB964C006AAFD2 /* Release */ = {
			isa = XCBuildConfiguration;
			buildSettings = {
				ASSETCATALOG_COMPILER_APPICON_NAME = AppIcon;
				CODE_SIGN_ENTITLEMENTS = docWind/docWind.entitlements;
				CODE_SIGN_STYLE = Automatic;
				CURRENT_PROJECT_VERSION = 7;
				DEVELOPMENT_ASSET_PATHS = "\"docWind/Preview Content\"";
				DEVELOPMENT_TEAM = N4FDL334LZ;
				ENABLE_PREVIEWS = YES;
				INFOPLIST_FILE = docWind/Info.plist;
				IPHONEOS_DEPLOYMENT_TARGET = 13.0;
				LD_RUNPATH_SEARCH_PATHS = (
					"$(inherited)",
					"@executable_path/Frameworks",
				);
				MARKETING_VERSION = 1.8;
				PRODUCT_BUNDLE_IDENTIFIER = com.sarvadShetty.docWind;
				PRODUCT_NAME = "$(TARGET_NAME)";
				SWIFT_VERSION = 5.0;
				TARGETED_DEVICE_FAMILY = 1;
			};
			name = Release;
		};
/* End XCBuildConfiguration section */

/* Begin XCConfigurationList section */
		40FDE47324AB964B006AAFD2 /* Build configuration list for PBXProject "docWind" */ = {
			isa = XCConfigurationList;
			buildConfigurations = (
				40FDE48D24AB964C006AAFD2 /* Debug */,
				40FDE48E24AB964C006AAFD2 /* Release */,
			);
			defaultConfigurationIsVisible = 0;
			defaultConfigurationName = Release;
		};
		40FDE48F24AB964C006AAFD2 /* Build configuration list for PBXNativeTarget "docWind" */ = {
			isa = XCConfigurationList;
			buildConfigurations = (
				40FDE49024AB964C006AAFD2 /* Debug */,
				40FDE49124AB964C006AAFD2 /* Release */,
			);
			defaultConfigurationIsVisible = 0;
			defaultConfigurationName = Release;
		};
/* End XCConfigurationList section */

/* Begin XCVersionGroup section */
		40FDE47F24AB964B006AAFD2 /* docWind.xcdatamodeld */ = {
			isa = XCVersionGroup;
			children = (
				40FDE48024AB964B006AAFD2 /* docWind.xcdatamodel */,
			);
			currentVersion = 40FDE48024AB964B006AAFD2 /* docWind.xcdatamodel */;
			path = docWind.xcdatamodeld;
			sourceTree = "<group>";
			versionGroupType = wrapper.xcdatamodel;
		};
/* End XCVersionGroup section */
	};
	rootObject = 40FDE47024AB964B006AAFD2 /* Project object */;
}
