{
  "object": {
    "pins": [
      {
        "package": "CodeScanner",
        "repositoryURL": "https://github.com/twostraws/CodeScanner",
        "state": {
          "branch": null,
          "revision": "a2144ddaa7c43a6ee00873edd4cc7815ad97942f",
          "version": "1.0.7"
        }
      },
      {
        "package": "ConfettiSwiftUI",
        "repositoryURL": "https://github.com/simibac/ConfettiSwiftUI",
        "state": {
          "branch": null,
          "revision": "4aac70f5264e59dfed75d6f1c282bb147f101a49",
          "version": "0.2.1"
        }
      },
      {
        "package": "MetalPetal",
        "repositoryURL": "https://github.com/MetalPetal/MetalPetal.git",
        "state": {
          "branch": null,
          "revision": "d403162c4a09d21ed5a049a05fc1b9fb6a16f3f2",
          "version": "1.15.0"
        }
      },
      {
        "package": "Throttler",
        "repositoryURL": "https://github.com/boraseoksoon/Throttler.git",
        "state": {
          "branch": null,
          "revision": "6a78307c49317abe1bb7525b774c275b2000526a",
          "version": "1.0.2"
        }
      }
    ]
  },
  "version": 1
}
